// !$*UTF8*$!
{
	archiveVersion = 1;
	classes = {
	};
	objectVersion = 56;
	objects = {

/* Begin PBXBuildFile section */
		833C47A92C59C859007E0F55 /* ButtonStyleUtility.swift in Sources */ = {isa = PBXBuildFile; fileRef = 833C47A82C59C859007E0F55 /* ButtonStyleUtility.swift */; };
		833C47AB2C59C889007E0F55 /* SymbolUtility.swift in Sources */ = {isa = PBXBuildFile; fileRef = 833C47AA2C59C889007E0F55 /* SymbolUtility.swift */; };
		833C47AD2C59CA22007E0F55 /* DummyTestView.swift in Sources */ = {isa = PBXBuildFile; fileRef = 833C47AC2C59CA22007E0F55 /* DummyTestView.swift */; };
		833C47B32C59CE7A007E0F55 /* FavoriteButton.swift in Sources */ = {isa = PBXBuildFile; fileRef = 833C47B22C59CE7A007E0F55 /* FavoriteButton.swift */; };
		C898390B2C59C4C600216F05 /* ParkiirQApp.swift in Sources */ = {isa = PBXBuildFile; fileRef = C898390A2C59C4C600216F05 /* ParkiirQApp.swift */; };
		C898390D2C59C4C600216F05 /* ContentView.swift in Sources */ = {isa = PBXBuildFile; fileRef = C898390C2C59C4C600216F05 /* ContentView.swift */; };
		C898390F2C59C4C800216F05 /* Assets.xcassets in Resources */ = {isa = PBXBuildFile; fileRef = C898390E2C59C4C800216F05 /* Assets.xcassets */; };
		C89839122C59C4C800216F05 /* Preview Assets.xcassets in Resources */ = {isa = PBXBuildFile; fileRef = C89839112C59C4C800216F05 /* Preview Assets.xcassets */; };
		C898391A2C59C6E300216F05 /* OnboardingView.swift in Sources */ = {isa = PBXBuildFile; fileRef = C89839192C59C6E300216F05 /* OnboardingView.swift */; };
		C898391D2C59CF7200216F05 /* LocationRequest.swift in Sources */ = {isa = PBXBuildFile; fileRef = C898391C2C59CF7200216F05 /* LocationRequest.swift */; };
		C898391F2C59D61900216F05 /* NotificationCenter+Name.swift in Sources */ = {isa = PBXBuildFile; fileRef = C898391E2C59D61900216F05 /* NotificationCenter+Name.swift */; };
		C89839212C59D8E000216F05 /* ParkingMapView.swift in Sources */ = {isa = PBXBuildFile; fileRef = C89839202C59D8E000216F05 /* ParkingMapView.swift */; };
		C89839232C59E02700216F05 /* LocationManager.swift in Sources */ = {isa = PBXBuildFile; fileRef = C89839222C59E02700216F05 /* LocationManager.swift */; };
		C89839262C59E41E00216F05 /* Auth in Frameworks */ = {isa = PBXBuildFile; productRef = C89839252C59E41E00216F05 /* Auth */; };
		C89839282C59E41E00216F05 /* Functions in Frameworks */ = {isa = PBXBuildFile; productRef = C89839272C59E41E00216F05 /* Functions */; };
		C898392A2C59E41E00216F05 /* PostgREST in Frameworks */ = {isa = PBXBuildFile; productRef = C89839292C59E41E00216F05 /* PostgREST */; };
		C898392C2C59E41E00216F05 /* Realtime in Frameworks */ = {isa = PBXBuildFile; productRef = C898392B2C59E41E00216F05 /* Realtime */; };
		C898392E2C59E41E00216F05 /* Storage in Frameworks */ = {isa = PBXBuildFile; productRef = C898392D2C59E41E00216F05 /* Storage */; };
		C89839302C59E42900216F05 /* Supabase.swift in Sources */ = {isa = PBXBuildFile; fileRef = C898392F2C59E42900216F05 /* Supabase.swift */; };
		C89839332C59E57200216F05 /* Supabase in Frameworks */ = {isa = PBXBuildFile; productRef = C89839322C59E57200216F05 /* Supabase */; };
		C89839362C59E6E900216F05 /* Parking.swift in Sources */ = {isa = PBXBuildFile; fileRef = C89839352C59E6E900216F05 /* Parking.swift */; };
		C89839382C59FA5800216F05 /* ParkingDetailView.swift in Sources */ = {isa = PBXBuildFile; fileRef = C89839372C59FA5800216F05 /* ParkingDetailView.swift */; };
		C898393B2C59FB0000216F05 /* SwiftUINavigation in Frameworks */ = {isa = PBXBuildFile; productRef = C898393A2C59FB0000216F05 /* SwiftUINavigation */; };
		C898393D2C59FB0000216F05 /* SwiftUINavigationCore in Frameworks */ = {isa = PBXBuildFile; productRef = C898393C2C59FB0000216F05 /* SwiftUINavigationCore */; };
		C898393F2C5A218C00216F05 /* Double+twoDigit.swift in Sources */ = {isa = PBXBuildFile; fileRef = C898393E2C5A218C00216F05 /* Double+twoDigit.swift */; };
		C89839412C5A29FF00216F05 /* ParkingSpot.swift in Sources */ = {isa = PBXBuildFile; fileRef = C89839402C5A29FF00216F05 /* ParkingSpot.swift */; };
/* End PBXBuildFile section */

/* Begin PBXFileReference section */
		833C47A82C59C859007E0F55 /* ButtonStyleUtility.swift */ = {isa = PBXFileReference; lastKnownFileType = sourcecode.swift; path = ButtonStyleUtility.swift; sourceTree = "<group>"; };
		833C47AA2C59C889007E0F55 /* SymbolUtility.swift */ = {isa = PBXFileReference; lastKnownFileType = sourcecode.swift; path = SymbolUtility.swift; sourceTree = "<group>"; };
		833C47AC2C59CA22007E0F55 /* DummyTestView.swift */ = {isa = PBXFileReference; lastKnownFileType = sourcecode.swift; path = DummyTestView.swift; sourceTree = "<group>"; };
		833C47B22C59CE7A007E0F55 /* FavoriteButton.swift */ = {isa = PBXFileReference; lastKnownFileType = sourcecode.swift; path = FavoriteButton.swift; sourceTree = "<group>"; };
		C89839072C59C4C600216F05 /* ParkiirQ.app */ = {isa = PBXFileReference; explicitFileType = wrapper.application; includeInIndex = 0; path = ParkiirQ.app; sourceTree = BUILT_PRODUCTS_DIR; };
		C898390A2C59C4C600216F05 /* ParkiirQApp.swift */ = {isa = PBXFileReference; lastKnownFileType = sourcecode.swift; path = ParkiirQApp.swift; sourceTree = "<group>"; };
		C898390C2C59C4C600216F05 /* ContentView.swift */ = {isa = PBXFileReference; lastKnownFileType = sourcecode.swift; path = ContentView.swift; sourceTree = "<group>"; };
		C898390E2C59C4C800216F05 /* Assets.xcassets */ = {isa = PBXFileReference; lastKnownFileType = folder.assetcatalog; path = Assets.xcassets; sourceTree = "<group>"; };
		C89839112C59C4C800216F05 /* Preview Assets.xcassets */ = {isa = PBXFileReference; lastKnownFileType = folder.assetcatalog; path = "Preview Assets.xcassets"; sourceTree = "<group>"; };
		C89839192C59C6E300216F05 /* OnboardingView.swift */ = {isa = PBXFileReference; lastKnownFileType = sourcecode.swift; path = OnboardingView.swift; sourceTree = "<group>"; };
		C898391C2C59CF7200216F05 /* LocationRequest.swift */ = {isa = PBXFileReference; lastKnownFileType = sourcecode.swift; path = LocationRequest.swift; sourceTree = "<group>"; };
		C898391E2C59D61900216F05 /* NotificationCenter+Name.swift */ = {isa = PBXFileReference; lastKnownFileType = sourcecode.swift; path = "NotificationCenter+Name.swift"; sourceTree = "<group>"; };
		C89839202C59D8E000216F05 /* ParkingMapView.swift */ = {isa = PBXFileReference; lastKnownFileType = sourcecode.swift; path = ParkingMapView.swift; sourceTree = "<group>"; };
		C89839222C59E02700216F05 /* LocationManager.swift */ = {isa = PBXFileReference; lastKnownFileType = sourcecode.swift; path = LocationManager.swift; sourceTree = "<group>"; };
		C898392F2C59E42900216F05 /* Supabase.swift */ = {isa = PBXFileReference; lastKnownFileType = sourcecode.swift; path = Supabase.swift; sourceTree = "<group>"; };
		C89839352C59E6E900216F05 /* Parking.swift */ = {isa = PBXFileReference; lastKnownFileType = sourcecode.swift; path = Parking.swift; sourceTree = "<group>"; };
		C89839372C59FA5800216F05 /* ParkingDetailView.swift */ = {isa = PBXFileReference; lastKnownFileType = sourcecode.swift; path = ParkingDetailView.swift; sourceTree = "<group>"; };
		C898393E2C5A218C00216F05 /* Double+twoDigit.swift */ = {isa = PBXFileReference; lastKnownFileType = sourcecode.swift; path = "Double+twoDigit.swift"; sourceTree = "<group>"; };
		C89839402C5A29FF00216F05 /* ParkingSpot.swift */ = {isa = PBXFileReference; lastKnownFileType = sourcecode.swift; path = ParkingSpot.swift; sourceTree = "<group>"; };
/* End PBXFileReference section */

/* Begin PBXFrameworksBuildPhase section */
		C89839042C59C4C600216F05 /* Frameworks */ = {
			isa = PBXFrameworksBuildPhase;
			buildActionMask = 2147483647;
			files = (
				C898392A2C59E41E00216F05 /* PostgREST in Frameworks */,
				C898393D2C59FB0000216F05 /* SwiftUINavigationCore in Frameworks */,
				C89839282C59E41E00216F05 /* Functions in Frameworks */,
				C89839332C59E57200216F05 /* Supabase in Frameworks */,
				C89839262C59E41E00216F05 /* Auth in Frameworks */,
				C898392E2C59E41E00216F05 /* Storage in Frameworks */,
				C898393B2C59FB0000216F05 /* SwiftUINavigation in Frameworks */,
				C898392C2C59E41E00216F05 /* Realtime in Frameworks */,
			);
			runOnlyForDeploymentPostprocessing = 0;
		};
/* End PBXFrameworksBuildPhase section */

/* Begin PBXGroup section */
		833C47A72C59C841007E0F55 /* Utilities */ = {
			isa = PBXGroup;
			children = (
				833C47A82C59C859007E0F55 /* ButtonStyleUtility.swift */,
				833C47AA2C59C889007E0F55 /* SymbolUtility.swift */,
				833C47AC2C59CA22007E0F55 /* DummyTestView.swift */,
				C898391C2C59CF7200216F05 /* LocationRequest.swift */,
				C898391E2C59D61900216F05 /* NotificationCenter+Name.swift */,
				C89839222C59E02700216F05 /* LocationManager.swift */,
				C898392F2C59E42900216F05 /* Supabase.swift */,
			);
			path = Utilities;
			sourceTree = "<group>";
		};
		833C47AE2C59CADE007E0F55 /* Components */ = {
			isa = PBXGroup;
			children = (
				833C47B22C59CE7A007E0F55 /* FavoriteButton.swift */,
			);
			path = Components;
			sourceTree = "<group>";
		};
		C89838FE2C59C4C600216F05 = {
			isa = PBXGroup;
			children = (
				C89839092C59C4C600216F05 /* ParkiirQ */,
				C89839082C59C4C600216F05 /* Products */,
				C89839312C59E57200216F05 /* Frameworks */,
			);
			sourceTree = "<group>";
		};
		C89839082C59C4C600216F05 /* Products */ = {
			isa = PBXGroup;
			children = (
				C89839072C59C4C600216F05 /* ParkiirQ.app */,
			);
			name = Products;
			sourceTree = "<group>";
		};
		C89839092C59C4C600216F05 /* ParkiirQ */ = {
			isa = PBXGroup;
			children = (
				C89839342C59E6E200216F05 /* Models */,
				833C47AE2C59CADE007E0F55 /* Components */,
				833C47A72C59C841007E0F55 /* Utilities */,
				C89839182C59C5FF00216F05 /* Views */,
				C898390A2C59C4C600216F05 /* ParkiirQApp.swift */,
				C898390C2C59C4C600216F05 /* ContentView.swift */,
				C898390E2C59C4C800216F05 /* Assets.xcassets */,
				C89839102C59C4C800216F05 /* Preview Content */,
			);
			path = ParkiirQ;
			sourceTree = "<group>";
		};
		C89839102C59C4C800216F05 /* Preview Content */ = {
			isa = PBXGroup;
			children = (
				C89839112C59C4C800216F05 /* Preview Assets.xcassets */,
			);
			path = "Preview Content";
			sourceTree = "<group>";
		};
		C89839182C59C5FF00216F05 /* Views */ = {
			isa = PBXGroup;
			children = (
				C89839192C59C6E300216F05 /* OnboardingView.swift */,
				C89839202C59D8E000216F05 /* ParkingMapView.swift */,
				C89839372C59FA5800216F05 /* ParkingDetailView.swift */,
				C898393E2C5A218C00216F05 /* Double+twoDigit.swift */,
			);
			path = Views;
			sourceTree = "<group>";
		};
		C89839312C59E57200216F05 /* Frameworks */ = {
			isa = PBXGroup;
			children = (
			);
			name = Frameworks;
			sourceTree = "<group>";
		};
		C89839342C59E6E200216F05 /* Models */ = {
			isa = PBXGroup;
			children = (
				C89839352C59E6E900216F05 /* Parking.swift */,
				C89839402C5A29FF00216F05 /* ParkingSpot.swift */,
			);
			path = Models;
			sourceTree = "<group>";
		};
/* End PBXGroup section */

/* Begin PBXNativeTarget section */
		C89839062C59C4C600216F05 /* ParkiirQ */ = {
			isa = PBXNativeTarget;
			buildConfigurationList = C89839152C59C4C800216F05 /* Build configuration list for PBXNativeTarget "ParkiirQ" */;
			buildPhases = (
				C89839032C59C4C600216F05 /* Sources */,
				C89839042C59C4C600216F05 /* Frameworks */,
				C89839052C59C4C600216F05 /* Resources */,
			);
			buildRules = (
			);
			dependencies = (
			);
			name = ParkiirQ;
			packageProductDependencies = (
				C89839252C59E41E00216F05 /* Auth */,
				C89839272C59E41E00216F05 /* Functions */,
				C89839292C59E41E00216F05 /* PostgREST */,
				C898392B2C59E41E00216F05 /* Realtime */,
				C898392D2C59E41E00216F05 /* Storage */,
				C89839322C59E57200216F05 /* Supabase */,
				C898393A2C59FB0000216F05 /* SwiftUINavigation */,
				C898393C2C59FB0000216F05 /* SwiftUINavigationCore */,
			);
			productName = ParkiirQ;
			productReference = C89839072C59C4C600216F05 /* ParkiirQ.app */;
			productType = "com.apple.product-type.application";
		};
/* End PBXNativeTarget section */

/* Begin PBXProject section */
		C89838FF2C59C4C600216F05 /* Project object */ = {
			isa = PBXProject;
			attributes = {
				BuildIndependentTargetsInParallel = 1;
				LastSwiftUpdateCheck = 1540;
				LastUpgradeCheck = 1540;
				TargetAttributes = {
					C89839062C59C4C600216F05 = {
						CreatedOnToolsVersion = 15.4;
					};
				};
			};
			buildConfigurationList = C89839022C59C4C600216F05 /* Build configuration list for PBXProject "ParkiirQ" */;
			compatibilityVersion = "Xcode 14.0";
			developmentRegion = en;
			hasScannedForEncodings = 0;
			knownRegions = (
				en,
				Base,
			);
			mainGroup = C89838FE2C59C4C600216F05;
			packageReferences = (
				C89839242C59E41E00216F05 /* XCRemoteSwiftPackageReference "supabase-swift" */,
				C89839392C59FB0000216F05 /* XCRemoteSwiftPackageReference "swiftui-navigation" */,
			);
			productRefGroup = C89839082C59C4C600216F05 /* Products */;
			projectDirPath = "";
			projectRoot = "";
			targets = (
				C89839062C59C4C600216F05 /* ParkiirQ */,
			);
		};
/* End PBXProject section */

/* Begin PBXResourcesBuildPhase section */
		C89839052C59C4C600216F05 /* Resources */ = {
			isa = PBXResourcesBuildPhase;
			buildActionMask = 2147483647;
			files = (
				C89839122C59C4C800216F05 /* Preview Assets.xcassets in Resources */,
				C898390F2C59C4C800216F05 /* Assets.xcassets in Resources */,
			);
			runOnlyForDeploymentPostprocessing = 0;
		};
/* End PBXResourcesBuildPhase section */

/* Begin PBXSourcesBuildPhase section */
		C89839032C59C4C600216F05 /* Sources */ = {
			isa = PBXSourcesBuildPhase;
			buildActionMask = 2147483647;
			files = (
				C898391F2C59D61900216F05 /* NotificationCenter+Name.swift in Sources */,
				C89839302C59E42900216F05 /* Supabase.swift in Sources */,
				833C47AB2C59C889007E0F55 /* SymbolUtility.swift in Sources */,
				833C47A92C59C859007E0F55 /* ButtonStyleUtility.swift in Sources */,
				C89839232C59E02700216F05 /* LocationManager.swift in Sources */,
				833C47AD2C59CA22007E0F55 /* DummyTestView.swift in Sources */,
				833C47B32C59CE7A007E0F55 /* FavoriteButton.swift in Sources */,
				C898391D2C59CF7200216F05 /* LocationRequest.swift in Sources */,
				C89839362C59E6E900216F05 /* Parking.swift in Sources */,
				C898391A2C59C6E300216F05 /* OnboardingView.swift in Sources */,
				C89839382C59FA5800216F05 /* ParkingDetailView.swift in Sources */,
				C898393F2C5A218C00216F05 /* Double+twoDigit.swift in Sources */,
				C898390D2C59C4C600216F05 /* ContentView.swift in Sources */,
				C89839212C59D8E000216F05 /* ParkingMapView.swift in Sources */,
				C89839412C5A29FF00216F05 /* ParkingSpot.swift in Sources */,
				C898390B2C59C4C600216F05 /* ParkiirQApp.swift in Sources */,
			);
			runOnlyForDeploymentPostprocessing = 0;
		};
/* End PBXSourcesBuildPhase section */

/* Begin XCBuildConfiguration section */
		C89839132C59C4C800216F05 /* Debug */ = {
			isa = XCBuildConfiguration;
			buildSettings = {
				ALWAYS_SEARCH_USER_PATHS = NO;
				ASSETCATALOG_COMPILER_GENERATE_SWIFT_ASSET_SYMBOL_EXTENSIONS = YES;
				CLANG_ANALYZER_NONNULL = YES;
				CLANG_ANALYZER_NUMBER_OBJECT_CONVERSION = YES_AGGRESSIVE;
				CLANG_CXX_LANGUAGE_STANDARD = "gnu++20";
				CLANG_ENABLE_MODULES = YES;
				CLANG_ENABLE_OBJC_ARC = YES;
				CLANG_ENABLE_OBJC_WEAK = YES;
				CLANG_WARN_BLOCK_CAPTURE_AUTORELEASING = YES;
				CLANG_WARN_BOOL_CONVERSION = YES;
				CLANG_WARN_COMMA = YES;
				CLANG_WARN_CONSTANT_CONVERSION = YES;
				CLANG_WARN_DEPRECATED_OBJC_IMPLEMENTATIONS = YES;
				CLANG_WARN_DIRECT_OBJC_ISA_USAGE = YES_ERROR;
				CLANG_WARN_DOCUMENTATION_COMMENTS = YES;
				CLANG_WARN_EMPTY_BODY = YES;
				CLANG_WARN_ENUM_CONVERSION = YES;
				CLANG_WARN_INFINITE_RECURSION = YES;
				CLANG_WARN_INT_CONVERSION = YES;
				CLANG_WARN_NON_LITERAL_NULL_CONVERSION = YES;
				CLANG_WARN_OBJC_IMPLICIT_RETAIN_SELF = YES;
				CLANG_WARN_OBJC_LITERAL_CONVERSION = YES;
				CLANG_WARN_OBJC_ROOT_CLASS = YES_ERROR;
				CLANG_WARN_QUOTED_INCLUDE_IN_FRAMEWORK_HEADER = YES;
				CLANG_WARN_RANGE_LOOP_ANALYSIS = YES;
				CLANG_WARN_STRICT_PROTOTYPES = YES;
				CLANG_WARN_SUSPICIOUS_MOVE = YES;
				CLANG_WARN_UNGUARDED_AVAILABILITY = YES_AGGRESSIVE;
				CLANG_WARN_UNREACHABLE_CODE = YES;
				CLANG_WARN__DUPLICATE_METHOD_MATCH = YES;
				COPY_PHASE_STRIP = NO;
				DEBUG_INFORMATION_FORMAT = dwarf;
				ENABLE_STRICT_OBJC_MSGSEND = YES;
				ENABLE_TESTABILITY = YES;
				ENABLE_USER_SCRIPT_SANDBOXING = YES;
				GCC_C_LANGUAGE_STANDARD = gnu17;
				GCC_DYNAMIC_NO_PIC = NO;
				GCC_NO_COMMON_BLOCKS = YES;
				GCC_OPTIMIZATION_LEVEL = 0;
				GCC_PREPROCESSOR_DEFINITIONS = (
					"DEBUG=1",
					"$(inherited)",
				);
				GCC_WARN_64_TO_32_BIT_CONVERSION = YES;
				GCC_WARN_ABOUT_RETURN_TYPE = YES_ERROR;
				GCC_WARN_UNDECLARED_SELECTOR = YES;
				GCC_WARN_UNINITIALIZED_AUTOS = YES_AGGRESSIVE;
				GCC_WARN_UNUSED_FUNCTION = YES;
				GCC_WARN_UNUSED_VARIABLE = YES;
				IPHONEOS_DEPLOYMENT_TARGET = 17.5;
				LOCALIZATION_PREFERS_STRING_CATALOGS = YES;
				MTL_ENABLE_DEBUG_INFO = INCLUDE_SOURCE;
				MTL_FAST_MATH = YES;
				ONLY_ACTIVE_ARCH = YES;
				SDKROOT = iphoneos;
				SWIFT_ACTIVE_COMPILATION_CONDITIONS = "DEBUG $(inherited)";
				SWIFT_OPTIMIZATION_LEVEL = "-Onone";
			};
			name = Debug;
		};
		C89839142C59C4C800216F05 /* Release */ = {
			isa = XCBuildConfiguration;
			buildSettings = {
				ALWAYS_SEARCH_USER_PATHS = NO;
				ASSETCATALOG_COMPILER_GENERATE_SWIFT_ASSET_SYMBOL_EXTENSIONS = YES;
				CLANG_ANALYZER_NONNULL = YES;
				CLANG_ANALYZER_NUMBER_OBJECT_CONVERSION = YES_AGGRESSIVE;
				CLANG_CXX_LANGUAGE_STANDARD = "gnu++20";
				CLANG_ENABLE_MODULES = YES;
				CLANG_ENABLE_OBJC_ARC = YES;
				CLANG_ENABLE_OBJC_WEAK = YES;
				CLANG_WARN_BLOCK_CAPTURE_AUTORELEASING = YES;
				CLANG_WARN_BOOL_CONVERSION = YES;
				CLANG_WARN_COMMA = YES;
				CLANG_WARN_CONSTANT_CONVERSION = YES;
				CLANG_WARN_DEPRECATED_OBJC_IMPLEMENTATIONS = YES;
				CLANG_WARN_DIRECT_OBJC_ISA_USAGE = YES_ERROR;
				CLANG_WARN_DOCUMENTATION_COMMENTS = YES;
				CLANG_WARN_EMPTY_BODY = YES;
				CLANG_WARN_ENUM_CONVERSION = YES;
				CLANG_WARN_INFINITE_RECURSION = YES;
				CLANG_WARN_INT_CONVERSION = YES;
				CLANG_WARN_NON_LITERAL_NULL_CONVERSION = YES;
				CLANG_WARN_OBJC_IMPLICIT_RETAIN_SELF = YES;
				CLANG_WARN_OBJC_LITERAL_CONVERSION = YES;
				CLANG_WARN_OBJC_ROOT_CLASS = YES_ERROR;
				CLANG_WARN_QUOTED_INCLUDE_IN_FRAMEWORK_HEADER = YES;
				CLANG_WARN_RANGE_LOOP_ANALYSIS = YES;
				CLANG_WARN_STRICT_PROTOTYPES = YES;
				CLANG_WARN_SUSPICIOUS_MOVE = YES;
				CLANG_WARN_UNGUARDED_AVAILABILITY = YES_AGGRESSIVE;
				CLANG_WARN_UNREACHABLE_CODE = YES;
				CLANG_WARN__DUPLICATE_METHOD_MATCH = YES;
				COPY_PHASE_STRIP = NO;
				DEBUG_INFORMATION_FORMAT = "dwarf-with-dsym";
				ENABLE_NS_ASSERTIONS = NO;
				ENABLE_STRICT_OBJC_MSGSEND = YES;
				ENABLE_USER_SCRIPT_SANDBOXING = YES;
				GCC_C_LANGUAGE_STANDARD = gnu17;
				GCC_NO_COMMON_BLOCKS = YES;
				GCC_WARN_64_TO_32_BIT_CONVERSION = YES;
				GCC_WARN_ABOUT_RETURN_TYPE = YES_ERROR;
				GCC_WARN_UNDECLARED_SELECTOR = YES;
				GCC_WARN_UNINITIALIZED_AUTOS = YES_AGGRESSIVE;
				GCC_WARN_UNUSED_FUNCTION = YES;
				GCC_WARN_UNUSED_VARIABLE = YES;
				IPHONEOS_DEPLOYMENT_TARGET = 17.5;
				LOCALIZATION_PREFERS_STRING_CATALOGS = YES;
				MTL_ENABLE_DEBUG_INFO = NO;
				MTL_FAST_MATH = YES;
				SDKROOT = iphoneos;
				SWIFT_COMPILATION_MODE = wholemodule;
				VALIDATE_PRODUCT = YES;
			};
			name = Release;
		};
		C89839162C59C4C800216F05 /* Debug */ = {
			isa = XCBuildConfiguration;
			buildSettings = {
				ASSETCATALOG_COMPILER_APPICON_NAME = AppIcon;
				ASSETCATALOG_COMPILER_GLOBAL_ACCENT_COLOR_NAME = AccentColor;
				CODE_SIGN_STYLE = Automatic;
				CURRENT_PROJECT_VERSION = 1;
				DEVELOPMENT_ASSET_PATHS = "\"ParkiirQ/Preview Content\"";
				DEVELOPMENT_TEAM = V383GK4HDH;
				ENABLE_PREVIEWS = YES;
				GENERATE_INFOPLIST_FILE = YES;
				INFOPLIST_KEY_NSLocationWhenInUseUsageDescription = "Used to find parking lots nearby";
				INFOPLIST_KEY_UIApplicationSceneManifest_Generation = YES;
				INFOPLIST_KEY_UIApplicationSupportsIndirectInputEvents = YES;
				INFOPLIST_KEY_UILaunchScreen_Generation = YES;
				INFOPLIST_KEY_UISupportedInterfaceOrientations_iPad = "UIInterfaceOrientationPortrait UIInterfaceOrientationPortraitUpsideDown UIInterfaceOrientationLandscapeLeft UIInterfaceOrientationLandscapeRight";
				INFOPLIST_KEY_UISupportedInterfaceOrientations_iPhone = "UIInterfaceOrientationPortrait UIInterfaceOrientationLandscapeLeft UIInterfaceOrientationLandscapeRight";
				LD_RUNPATH_SEARCH_PATHS = (
					"$(inherited)",
					"@executable_path/Frameworks",
				);
				MARKETING_VERSION = 1.0;
				PRODUCT_BUNDLE_IDENTIFIER = com.malvera.ParkiirQ;
				PRODUCT_NAME = "$(TARGET_NAME)";
				SWIFT_EMIT_LOC_STRINGS = YES;
				SWIFT_VERSION = 5.0;
				TARGETED_DEVICE_FAMILY = "1,2";
			};
			name = Debug;
		};
		C89839172C59C4C800216F05 /* Release */ = {
			isa = XCBuildConfiguration;
			buildSettings = {
				ASSETCATALOG_COMPILER_APPICON_NAME = AppIcon;
				ASSETCATALOG_COMPILER_GLOBAL_ACCENT_COLOR_NAME = AccentColor;
				CODE_SIGN_STYLE = Automatic;
				CURRENT_PROJECT_VERSION = 1;
				DEVELOPMENT_ASSET_PATHS = "\"ParkiirQ/Preview Content\"";
				DEVELOPMENT_TEAM = V383GK4HDH;
				ENABLE_PREVIEWS = YES;
				GENERATE_INFOPLIST_FILE = YES;
				INFOPLIST_KEY_NSLocationWhenInUseUsageDescription = "Used to find parking lots nearby";
				INFOPLIST_KEY_UIApplicationSceneManifest_Generation = YES;
				INFOPLIST_KEY_UIApplicationSupportsIndirectInputEvents = YES;
				INFOPLIST_KEY_UILaunchScreen_Generation = YES;
				INFOPLIST_KEY_UISupportedInterfaceOrientations_iPad = "UIInterfaceOrientationPortrait UIInterfaceOrientationPortraitUpsideDown UIInterfaceOrientationLandscapeLeft UIInterfaceOrientationLandscapeRight";
				INFOPLIST_KEY_UISupportedInterfaceOrientations_iPhone = "UIInterfaceOrientationPortrait UIInterfaceOrientationLandscapeLeft UIInterfaceOrientationLandscapeRight";
				LD_RUNPATH_SEARCH_PATHS = (
					"$(inherited)",
					"@executable_path/Frameworks",
				);
				MARKETING_VERSION = 1.0;
				PRODUCT_BUNDLE_IDENTIFIER = com.malvera.ParkiirQ;
				PRODUCT_NAME = "$(TARGET_NAME)";
				SWIFT_EMIT_LOC_STRINGS = YES;
				SWIFT_VERSION = 5.0;
				TARGETED_DEVICE_FAMILY = "1,2";
			};
			name = Release;
		};
/* End XCBuildConfiguration section */

/* Begin XCConfigurationList section */
		C89839022C59C4C600216F05 /* Build configuration list for PBXProject "ParkiirQ" */ = {
			isa = XCConfigurationList;
			buildConfigurations = (
				C89839132C59C4C800216F05 /* Debug */,
				C89839142C59C4C800216F05 /* Release */,
			);
			defaultConfigurationIsVisible = 0;
			defaultConfigurationName = Release;
		};
		C89839152C59C4C800216F05 /* Build configuration list for PBXNativeTarget "ParkiirQ" */ = {
			isa = XCConfigurationList;
			buildConfigurations = (
				C89839162C59C4C800216F05 /* Debug */,
				C89839172C59C4C800216F05 /* Release */,
			);
			defaultConfigurationIsVisible = 0;
			defaultConfigurationName = Release;
		};
/* End XCConfigurationList section */

/* Begin XCRemoteSwiftPackageReference section */
		C89839242C59E41E00216F05 /* XCRemoteSwiftPackageReference "supabase-swift" */ = {
			isa = XCRemoteSwiftPackageReference;
			repositoryURL = "https://github.com/supabase/supabase-swift";
			requirement = {
				kind = upToNextMajorVersion;
				minimumVersion = 2.5.1;
			};
		};
		C89839392C59FB0000216F05 /* XCRemoteSwiftPackageReference "swiftui-navigation" */ = {
			isa = XCRemoteSwiftPackageReference;
			repositoryURL = "https://github.com/pointfreeco/swiftui-navigation";
			requirement = {
				kind = upToNextMajorVersion;
				minimumVersion = 1.5.4;
			};
		};
/* End XCRemoteSwiftPackageReference section */

/* Begin XCSwiftPackageProductDependency section */
		C89839252C59E41E00216F05 /* Auth */ = {
			isa = XCSwiftPackageProductDependency;
			package = C89839242C59E41E00216F05 /* XCRemoteSwiftPackageReference "supabase-swift" */;
			productName = Auth;
		};
		C89839272C59E41E00216F05 /* Functions */ = {
			isa = XCSwiftPackageProductDependency;
			package = C89839242C59E41E00216F05 /* XCRemoteSwiftPackageReference "supabase-swift" */;
			productName = Functions;
		};
		C89839292C59E41E00216F05 /* PostgREST */ = {
			isa = XCSwiftPackageProductDependency;
			package = C89839242C59E41E00216F05 /* XCRemoteSwiftPackageReference "supabase-swift" */;
			productName = PostgREST;
		};
		C898392B2C59E41E00216F05 /* Realtime */ = {
			isa = XCSwiftPackageProductDependency;
			package = C89839242C59E41E00216F05 /* XCRemoteSwiftPackageReference "supabase-swift" */;
			productName = Realtime;
		};
		C898392D2C59E41E00216F05 /* Storage */ = {
			isa = XCSwiftPackageProductDependency;
			package = C89839242C59E41E00216F05 /* XCRemoteSwiftPackageReference "supabase-swift" */;
			productName = Storage;
		};
		C89839322C59E57200216F05 /* Supabase */ = {
			isa = XCSwiftPackageProductDependency;
			package = C89839242C59E41E00216F05 /* XCRemoteSwiftPackageReference "supabase-swift" */;
			productName = Supabase;
		};
		C898393A2C59FB0000216F05 /* SwiftUINavigation */ = {
			isa = XCSwiftPackageProductDependency;
			package = C89839392C59FB0000216F05 /* XCRemoteSwiftPackageReference "swiftui-navigation" */;
			productName = SwiftUINavigation;
		};
		C898393C2C59FB0000216F05 /* SwiftUINavigationCore */ = {
			isa = XCSwiftPackageProductDependency;
			package = C89839392C59FB0000216F05 /* XCRemoteSwiftPackageReference "swiftui-navigation" */;
			productName = SwiftUINavigationCore;
		};
/* End XCSwiftPackageProductDependency section */
	};
	rootObject = C89838FF2C59C4C600216F05 /* Project object */;
}
